PODS:
  - ColorMix (0.1.0)
  - Crashlytics (3.7.1):
    - Fabric (~> 1.6.3)
  - Fabric (1.6.7)

DEPENDENCIES:
  - ColorMix (from `https://github.com/christianhatch/colormix`)
  - Crashlytics
  - Fabric

EXTERNAL SOURCES:
  ColorMix:
    :git: https://github.com/christianhatch/colormix

CHECKOUT OPTIONS:
  ColorMix:
    :commit: 9786a9cfe412d2c107e7cfddc3f691a8b5e10d7a
    :git: https://github.com/christianhatch/colormix

SPEC CHECKSUMS:
  ColorMix: a184c4ca68ad37a7896e7163bf1d325554a7d1b8
  Crashlytics: 3cdd4c9655be68032a0cf0379e0fb5ef6af22cad
  Fabric: caf7580c725e64db144f610ac65cd60956911dc7

PODFILE CHECKSUM: 5ae0d957502f149c7ced77c9b286f43b59cef190

COCOAPODS: 1.0.0
