<?xml version="1.0" encoding="UTF-8"?>
<!DOCTYPE plist PUBLIC "-//Apple//DTD PLIST 1.0//EN" "http://www.apple.com/DTDs/PropertyList-1.0.dtd">
<plist version="1.0">
<dict>
	<key>archiveVersion</key>
	<string>1</string>
	<key>classes</key>
	<dict/>
	<key>objectVersion</key>
	<string>46</string>
	<key>objects</key>
	<dict>
		<key>451CA33E19787C9B0016A3D8</key>
		<dict>
			<key>fileEncoding</key>
			<string>4</string>
			<key>isa</key>
			<string>PBXFileReference</string>
			<key>lastKnownFileType</key>
			<string>sourcecode.c.h</string>
			<key>path</key>
			<string>ColormixKit.h</string>
			<key>sourceTree</key>
			<string>&lt;group&gt;</string>
		</dict>
		<key>451CA345197887A10016A3D8</key>
		<dict>
			<key>children</key>
			<array>
				<string>453D2D93196D1E3000F3CFDE</string>
				<string>451CA33E19787C9B0016A3D8</string>
				<string>451CA34B1978A27E0016A3D8</string>
				<string>451CA34C1978A27E0016A3D8</string>
			</array>
			<key>isa</key>
			<string>PBXGroup</string>
			<key>name</key>
			<string>Common</string>
			<key>path</key>
			<string>Common</string>
			<key>sourceTree</key>
			<string>&lt;group&gt;</string>
		</dict>
		<key>451CA34B1978A27E0016A3D8</key>
		<dict>
			<key>fileEncoding</key>
			<string>4</string>
			<key>isa</key>
			<string>PBXFileReference</string>
			<key>lastKnownFileType</key>
			<string>sourcecode.c.h</string>
			<key>path</key>
			<string>UIColor+Colormix.h</string>
			<key>sourceTree</key>
			<string>&lt;group&gt;</string>
		</dict>
		<key>451CA34C1978A27E0016A3D8</key>
		<dict>
			<key>fileEncoding</key>
			<string>4</string>
			<key>isa</key>
			<string>PBXFileReference</string>
			<key>lastKnownFileType</key>
			<string>sourcecode.c.objc</string>
			<key>path</key>
			<string>UIColor+Colormix.m</string>
			<key>sourceTree</key>
			<string>&lt;group&gt;</string>
		</dict>
		<key>451CA34D1978A27E0016A3D8</key>
		<dict>
			<key>fileRef</key>
			<string>451CA34C1978A27E0016A3D8</string>
			<key>isa</key>
			<string>PBXBuildFile</string>
		</dict>
		<key>451CA34E1978A27E0016A3D8</key>
		<dict>
			<key>fileRef</key>
			<string>451CA34C1978A27E0016A3D8</string>
			<key>isa</key>
			<string>PBXBuildFile</string>
		</dict>
		<key>453D2D93196D1E3000F3CFDE</key>
		<dict>
			<key>fileEncoding</key>
			<string>4</string>
			<key>isa</key>
			<string>PBXFileReference</string>
			<key>lastKnownFileType</key>
			<string>sourcecode.c.h</string>
			<key>path</key>
			<string>ColormixConstants.h</string>
			<key>sourceTree</key>
			<string>&lt;group&gt;</string>
		</dict>
		<key>45FD1278196CA8CA00777132</key>
		<dict>
			<key>children</key>
			<array>
				<string>45FD128A196CA8CA00777132</string>
				<string>45FD12AC196CA8CA00777132</string>
				<string>45FD1283196CA8CA00777132</string>
				<string>45FD1282196CA8CA00777132</string>
				<string>7A7F533224B74F6088932FED</string>
			</array>
			<key>isa</key>
			<string>PBXGroup</string>
			<key>sourceTree</key>
			<string>&lt;group&gt;</string>
		</dict>
		<key>45FD1279196CA8CA00777132</key>
		<dict>
			<key>attributes</key>
			<dict>
				<key>LastUpgradeCheck</key>
				<string>0510</string>
				<key>ORGANIZATIONNAME</key>
				<string>Commodoreftp</string>
				<key>TargetAttributes</key>
				<dict>
					<key>45FD1280196CA8CA00777132</key>
					<dict>
						<key>DevelopmentTeam</key>
						<string>YWKER65N63</string>
						<key>SystemCapabilities</key>
						<dict>
							<key>com.apple.iCloud</key>
							<dict>
								<key>enabled</key>
								<string>0</string>
							</dict>
						</dict>
					</dict>
					<key>45FD12A4196CA8CA00777132</key>
					<dict>
						<key>TestTargetID</key>
						<string>45FD1280196CA8CA00777132</string>
					</dict>
				</dict>
			</dict>
			<key>buildConfigurationList</key>
			<string>45FD127C196CA8CA00777132</string>
			<key>compatibilityVersion</key>
			<string>Xcode 3.2</string>
			<key>developmentRegion</key>
			<string>English</string>
			<key>hasScannedForEncodings</key>
			<string>0</string>
			<key>isa</key>
			<string>PBXProject</string>
			<key>knownRegions</key>
			<array>
				<string>en</string>
				<string>Base</string>
			</array>
			<key>mainGroup</key>
			<string>45FD1278196CA8CA00777132</string>
			<key>productRefGroup</key>
			<string>45FD1282196CA8CA00777132</string>
			<key>projectDirPath</key>
			<string></string>
			<key>projectReferences</key>
			<array/>
			<key>projectRoot</key>
			<string></string>
			<key>targets</key>
			<array>
				<string>45FD1280196CA8CA00777132</string>
				<string>45FD12A4196CA8CA00777132</string>
			</array>
		</dict>
		<key>45FD127C196CA8CA00777132</key>
		<dict>
			<key>buildConfigurations</key>
			<array>
				<string>45FD12B4196CA8CA00777132</string>
				<string>45FD12B5196CA8CA00777132</string>
			</array>
			<key>defaultConfigurationIsVisible</key>
			<string>0</string>
			<key>defaultConfigurationName</key>
			<string>Release</string>
			<key>isa</key>
			<string>XCConfigurationList</string>
		</dict>
		<key>45FD127D196CA8CA00777132</key>
		<dict>
			<key>buildActionMask</key>
			<string>2147483647</string>
			<key>files</key>
			<array>
				<string>45FD129E196CA8CA00777132</string>
				<string>45FD1295196CA8CA00777132</string>
				<string>451CA34D1978A27E0016A3D8</string>
				<string>45FD1291196CA8CA00777132</string>
			</array>
			<key>isa</key>
			<string>PBXSourcesBuildPhase</string>
			<key>runOnlyForDeploymentPostprocessing</key>
			<string>0</string>
		</dict>
		<key>45FD127E196CA8CA00777132</key>
		<dict>
			<key>buildActionMask</key>
			<string>2147483647</string>
			<key>files</key>
			<array>
				<string>45FD1287196CA8CA00777132</string>
				<string>45FD1289196CA8CA00777132</string>
				<string>45FD1285196CA8CA00777132</string>
				<string>B099CCD384BB40C5A2DCD09C</string>
			</array>
			<key>isa</key>
			<string>PBXFrameworksBuildPhase</string>
			<key>runOnlyForDeploymentPostprocessing</key>
			<string>0</string>
		</dict>
		<key>45FD127F196CA8CA00777132</key>
		<dict>
			<key>buildActionMask</key>
			<string>2147483647</string>
			<key>files</key>
			<array>
				<string>45FD129B196CA8CA00777132</string>
				<string>45FD12A0196CA8CA00777132</string>
				<string>45FD1298196CA8CA00777132</string>
				<string>45FD128F196CA8CA00777132</string>
			</array>
			<key>isa</key>
			<string>PBXResourcesBuildPhase</string>
			<key>runOnlyForDeploymentPostprocessing</key>
			<string>0</string>
		</dict>
		<key>45FD1280196CA8CA00777132</key>
		<dict>
			<key>buildConfigurationList</key>
			<string>45FD12B6196CA8CA00777132</string>
			<key>buildPhases</key>
			<array>
				<string>DC84590A4D6C4B43A0757DD5</string>
				<string>45FD127D196CA8CA00777132</string>
				<string>45FD127E196CA8CA00777132</string>
				<string>45FD127F196CA8CA00777132</string>
				<string>60D91D4711704F5981B2B525</string>
			</array>
			<key>buildRules</key>
			<array/>
			<key>dependencies</key>
			<array/>
			<key>isa</key>
			<string>PBXNativeTarget</string>
			<key>name</key>
			<string>Colormix</string>
			<key>productName</key>
			<string>Colormix</string>
			<key>productReference</key>
			<string>45FD1281196CA8CA00777132</string>
			<key>productType</key>
			<string>com.apple.product-type.application</string>
		</dict>
		<key>45FD1281196CA8CA00777132</key>
		<dict>
			<key>explicitFileType</key>
			<string>wrapper.application</string>
			<key>includeInIndex</key>
			<string>0</string>
			<key>isa</key>
			<string>PBXFileReference</string>
			<key>path</key>
			<string>Colormix.app</string>
			<key>sourceTree</key>
			<string>BUILT_PRODUCTS_DIR</string>
		</dict>
		<key>45FD1282196CA8CA00777132</key>
		<dict>
			<key>children</key>
			<array>
				<string>45FD1281196CA8CA00777132</string>
				<string>45FD12A5196CA8CA00777132</string>
			</array>
			<key>isa</key>
			<string>PBXGroup</string>
			<key>name</key>
			<string>Products</string>
			<key>sourceTree</key>
			<string>&lt;group&gt;</string>
		</dict>
		<key>45FD1283196CA8CA00777132</key>
		<dict>
			<key>children</key>
			<array>
				<string>45FD1284196CA8CA00777132</string>
				<string>45FD1286196CA8CA00777132</string>
				<string>45FD1288196CA8CA00777132</string>
				<string>45FD12A6196CA8CA00777132</string>
				<string>6A036573136C4B7D8490C4EA</string>
			</array>
			<key>isa</key>
			<string>PBXGroup</string>
			<key>name</key>
			<string>Frameworks</string>
			<key>sourceTree</key>
			<string>&lt;group&gt;</string>
		</dict>
		<key>45FD1284196CA8CA00777132</key>
		<dict>
			<key>isa</key>
			<string>PBXFileReference</string>
			<key>lastKnownFileType</key>
			<string>wrapper.framework</string>
			<key>name</key>
			<string>Foundation.framework</string>
			<key>path</key>
			<string>System/Library/Frameworks/Foundation.framework</string>
			<key>sourceTree</key>
			<string>SDKROOT</string>
		</dict>
		<key>45FD1285196CA8CA00777132</key>
		<dict>
			<key>fileRef</key>
			<string>45FD1284196CA8CA00777132</string>
			<key>isa</key>
			<string>PBXBuildFile</string>
		</dict>
		<key>45FD1286196CA8CA00777132</key>
		<dict>
			<key>isa</key>
			<string>PBXFileReference</string>
			<key>lastKnownFileType</key>
			<string>wrapper.framework</string>
			<key>name</key>
			<string>CoreGraphics.framework</string>
			<key>path</key>
			<string>System/Library/Frameworks/CoreGraphics.framework</string>
			<key>sourceTree</key>
			<string>SDKROOT</string>
		</dict>
		<key>45FD1287196CA8CA00777132</key>
		<dict>
			<key>fileRef</key>
			<string>45FD1286196CA8CA00777132</string>
			<key>isa</key>
			<string>PBXBuildFile</string>
		</dict>
		<key>45FD1288196CA8CA00777132</key>
		<dict>
			<key>isa</key>
			<string>PBXFileReference</string>
			<key>lastKnownFileType</key>
			<string>wrapper.framework</string>
			<key>name</key>
			<string>UIKit.framework</string>
			<key>path</key>
			<string>System/Library/Frameworks/UIKit.framework</string>
			<key>sourceTree</key>
			<string>SDKROOT</string>
		</dict>
		<key>45FD1289196CA8CA00777132</key>
		<dict>
			<key>fileRef</key>
			<string>45FD1288196CA8CA00777132</string>
			<key>isa</key>
			<string>PBXBuildFile</string>
		</dict>
		<key>45FD128A196CA8CA00777132</key>
		<dict>
			<key>children</key>
			<array>
				<string>451CA345197887A10016A3D8</string>
				<string>45FD1293196CA8CA00777132</string>
				<string>45FD1294196CA8CA00777132</string>
				<string>45FD1296196CA8CA00777132</string>
				<string>45FD1299196CA8CA00777132</string>
				<string>45FD129C196CA8CA00777132</string>
				<string>45FD129D196CA8CA00777132</string>
				<string>45FD129F196CA8CA00777132</string>
				<string>45FD128B196CA8CA00777132</string>
			</array>
			<key>isa</key>
			<string>PBXGroup</string>
			<key>path</key>
			<string>Colormix</string>
			<key>sourceTree</key>
			<string>&lt;group&gt;</string>
		</dict>
		<key>45FD128B196CA8CA00777132</key>
		<dict>
			<key>children</key>
			<array>
				<string>45FD128C196CA8CA00777132</string>
				<string>45FD128D196CA8CA00777132</string>
				<string>45FD1290196CA8CA00777132</string>
				<string>45FD1292196CA8CA00777132</string>
			</array>
			<key>isa</key>
			<string>PBXGroup</string>
			<key>name</key>
			<string>Supporting Files</string>
			<key>path</key>
			<string>Supporting Files</string>
			<key>sourceTree</key>
			<string>&lt;group&gt;</string>
		</dict>
		<key>45FD128C196CA8CA00777132</key>
		<dict>
			<key>isa</key>
			<string>PBXFileReference</string>
			<key>lastKnownFileType</key>
			<string>text.plist.xml</string>
			<key>path</key>
			<string>Colormix-Info.plist</string>
			<key>sourceTree</key>
			<string>&lt;group&gt;</string>
		</dict>
		<key>45FD128D196CA8CA00777132</key>
		<dict>
			<key>children</key>
			<array>
				<string>45FD128E196CA8CA00777132</string>
			</array>
			<key>isa</key>
			<string>PBXVariantGroup</string>
			<key>name</key>
			<string>InfoPlist.strings</string>
			<key>sourceTree</key>
			<string>&lt;group&gt;</string>
		</dict>
		<key>45FD128E196CA8CA00777132</key>
		<dict>
			<key>isa</key>
			<string>PBXFileReference</string>
			<key>lastKnownFileType</key>
			<string>text.plist.strings</string>
			<key>name</key>
			<string>en</string>
			<key>path</key>
			<string>en.lproj/InfoPlist.strings</string>
			<key>sourceTree</key>
			<string>&lt;group&gt;</string>
		</dict>
		<key>45FD128F196CA8CA00777132</key>
		<dict>
			<key>fileRef</key>
			<string>45FD128D196CA8CA00777132</string>
			<key>isa</key>
			<string>PBXBuildFile</string>
		</dict>
		<key>45FD1290196CA8CA00777132</key>
		<dict>
			<key>isa</key>
			<string>PBXFileReference</string>
			<key>lastKnownFileType</key>
			<string>sourcecode.c.objc</string>
			<key>path</key>
			<string>main.m</string>
			<key>sourceTree</key>
			<string>&lt;group&gt;</string>
		</dict>
		<key>45FD1291196CA8CA00777132</key>
		<dict>
			<key>fileRef</key>
			<string>45FD1290196CA8CA00777132</string>
			<key>isa</key>
			<string>PBXBuildFile</string>
		</dict>
		<key>45FD1292196CA8CA00777132</key>
		<dict>
			<key>isa</key>
			<string>PBXFileReference</string>
			<key>lastKnownFileType</key>
			<string>sourcecode.c.h</string>
			<key>path</key>
			<string>Colormix-Prefix.pch</string>
			<key>sourceTree</key>
			<string>&lt;group&gt;</string>
		</dict>
		<key>45FD1293196CA8CA00777132</key>
		<dict>
			<key>isa</key>
			<string>PBXFileReference</string>
			<key>lastKnownFileType</key>
			<string>sourcecode.c.h</string>
			<key>path</key>
			<string>AppDelegate.h</string>
			<key>sourceTree</key>
			<string>&lt;group&gt;</string>
		</dict>
		<key>45FD1294196CA8CA00777132</key>
		<dict>
			<key>isa</key>
			<string>PBXFileReference</string>
			<key>lastKnownFileType</key>
			<string>sourcecode.c.objc</string>
			<key>path</key>
			<string>AppDelegate.m</string>
			<key>sourceTree</key>
			<string>&lt;group&gt;</string>
		</dict>
		<key>45FD1295196CA8CA00777132</key>
		<dict>
			<key>fileRef</key>
			<string>45FD1294196CA8CA00777132</string>
			<key>isa</key>
			<string>PBXBuildFile</string>
		</dict>
		<key>45FD1296196CA8CA00777132</key>
		<dict>
			<key>children</key>
			<array>
				<string>45FD1297196CA8CA00777132</string>
			</array>
			<key>isa</key>
			<string>PBXVariantGroup</string>
			<key>name</key>
			<string>Main_iPhone.storyboard</string>
			<key>sourceTree</key>
			<string>&lt;group&gt;</string>
		</dict>
		<key>45FD1297196CA8CA00777132</key>
		<dict>
			<key>isa</key>
			<string>PBXFileReference</string>
			<key>lastKnownFileType</key>
			<string>file.storyboard</string>
			<key>name</key>
			<string>Base</string>
			<key>path</key>
			<string>Base.lproj/Main_iPhone.storyboard</string>
			<key>sourceTree</key>
			<string>&lt;group&gt;</string>
		</dict>
		<key>45FD1298196CA8CA00777132</key>
		<dict>
			<key>fileRef</key>
			<string>45FD1296196CA8CA00777132</string>
			<key>isa</key>
			<string>PBXBuildFile</string>
		</dict>
		<key>45FD1299196CA8CA00777132</key>
		<dict>
			<key>children</key>
			<array>
				<string>45FD129A196CA8CA00777132</string>
			</array>
			<key>isa</key>
			<string>PBXVariantGroup</string>
			<key>name</key>
			<string>Main_iPad.storyboard</string>
			<key>sourceTree</key>
			<string>&lt;group&gt;</string>
		</dict>
		<key>45FD129A196CA8CA00777132</key>
		<dict>
			<key>isa</key>
			<string>PBXFileReference</string>
			<key>lastKnownFileType</key>
			<string>file.storyboard</string>
			<key>name</key>
			<string>Base</string>
			<key>path</key>
			<string>Base.lproj/Main_iPad.storyboard</string>
			<key>sourceTree</key>
			<string>&lt;group&gt;</string>
		</dict>
		<key>45FD129B196CA8CA00777132</key>
		<dict>
			<key>fileRef</key>
			<string>45FD1299196CA8CA00777132</string>
			<key>isa</key>
			<string>PBXBuildFile</string>
		</dict>
		<key>45FD129C196CA8CA00777132</key>
		<dict>
			<key>isa</key>
			<string>PBXFileReference</string>
			<key>lastKnownFileType</key>
			<string>sourcecode.c.h</string>
			<key>path</key>
			<string>ColorPickerViewController.h</string>
			<key>sourceTree</key>
			<string>&lt;group&gt;</string>
		</dict>
		<key>45FD129D196CA8CA00777132</key>
		<dict>
			<key>isa</key>
			<string>PBXFileReference</string>
			<key>lastKnownFileType</key>
			<string>sourcecode.c.objc</string>
			<key>path</key>
			<string>ColorPickerViewController.m</string>
			<key>sourceTree</key>
			<string>&lt;group&gt;</string>
		</dict>
		<key>45FD129E196CA8CA00777132</key>
		<dict>
			<key>fileRef</key>
			<string>45FD129D196CA8CA00777132</string>
			<key>isa</key>
			<string>PBXBuildFile</string>
		</dict>
		<key>45FD129F196CA8CA00777132</key>
		<dict>
			<key>isa</key>
			<string>PBXFileReference</string>
			<key>lastKnownFileType</key>
			<string>folder.assetcatalog</string>
			<key>path</key>
			<string>Images.xcassets</string>
			<key>sourceTree</key>
			<string>&lt;group&gt;</string>
		</dict>
		<key>45FD12A0196CA8CA00777132</key>
		<dict>
			<key>fileRef</key>
			<string>45FD129F196CA8CA00777132</string>
			<key>isa</key>
			<string>PBXBuildFile</string>
		</dict>
		<key>45FD12A1196CA8CA00777132</key>
		<dict>
			<key>buildActionMask</key>
			<string>2147483647</string>
			<key>files</key>
			<array>
				<string>451CA34E1978A27E0016A3D8</string>
				<string>45FD12B3196CA8CA00777132</string>
			</array>
			<key>isa</key>
			<string>PBXSourcesBuildPhase</string>
			<key>runOnlyForDeploymentPostprocessing</key>
			<string>0</string>
		</dict>
		<key>45FD12A2196CA8CA00777132</key>
		<dict>
			<key>buildActionMask</key>
			<string>2147483647</string>
			<key>files</key>
			<array>
				<string>45FD12A7196CA8CA00777132</string>
				<string>45FD12A9196CA8CA00777132</string>
				<string>45FD12A8196CA8CA00777132</string>
			</array>
			<key>isa</key>
			<string>PBXFrameworksBuildPhase</string>
			<key>runOnlyForDeploymentPostprocessing</key>
			<string>0</string>
		</dict>
		<key>45FD12A3196CA8CA00777132</key>
		<dict>
			<key>buildActionMask</key>
			<string>2147483647</string>
			<key>files</key>
			<array>
				<string>45FD12B1196CA8CA00777132</string>
			</array>
			<key>isa</key>
			<string>PBXResourcesBuildPhase</string>
			<key>runOnlyForDeploymentPostprocessing</key>
			<string>0</string>
		</dict>
		<key>45FD12A4196CA8CA00777132</key>
		<dict>
			<key>buildConfigurationList</key>
			<string>45FD12B9196CA8CA00777132</string>
			<key>buildPhases</key>
			<array>
				<string>45FD12A1196CA8CA00777132</string>
				<string>45FD12A2196CA8CA00777132</string>
				<string>45FD12A3196CA8CA00777132</string>
			</array>
			<key>buildRules</key>
			<array/>
			<key>dependencies</key>
			<array>
				<string>45FD12AB196CA8CA00777132</string>
			</array>
			<key>isa</key>
			<string>PBXNativeTarget</string>
			<key>name</key>
			<string>ColormixTests</string>
			<key>productName</key>
			<string>ColormixTests</string>
			<key>productReference</key>
			<string>45FD12A5196CA8CA00777132</string>
			<key>productType</key>
			<string>com.apple.product-type.bundle.unit-test</string>
		</dict>
		<key>45FD12A5196CA8CA00777132</key>
		<dict>
			<key>explicitFileType</key>
			<string>wrapper.cfbundle</string>
			<key>includeInIndex</key>
			<string>0</string>
			<key>isa</key>
			<string>PBXFileReference</string>
			<key>path</key>
			<string>ColormixTests.xctest</string>
			<key>sourceTree</key>
			<string>BUILT_PRODUCTS_DIR</string>
		</dict>
		<key>45FD12A6196CA8CA00777132</key>
		<dict>
			<key>isa</key>
			<string>PBXFileReference</string>
			<key>lastKnownFileType</key>
			<string>wrapper.framework</string>
			<key>name</key>
			<string>XCTest.framework</string>
			<key>path</key>
			<string>Library/Frameworks/XCTest.framework</string>
			<key>sourceTree</key>
			<string>DEVELOPER_DIR</string>
		</dict>
		<key>45FD12A7196CA8CA00777132</key>
		<dict>
			<key>fileRef</key>
			<string>45FD12A6196CA8CA00777132</string>
			<key>isa</key>
			<string>PBXBuildFile</string>
		</dict>
		<key>45FD12A8196CA8CA00777132</key>
		<dict>
			<key>fileRef</key>
			<string>45FD1284196CA8CA00777132</string>
			<key>isa</key>
			<string>PBXBuildFile</string>
		</dict>
		<key>45FD12A9196CA8CA00777132</key>
		<dict>
			<key>fileRef</key>
			<string>45FD1288196CA8CA00777132</string>
			<key>isa</key>
			<string>PBXBuildFile</string>
		</dict>
		<key>45FD12AA196CA8CA00777132</key>
		<dict>
			<key>containerPortal</key>
			<string>45FD1279196CA8CA00777132</string>
			<key>isa</key>
			<string>PBXContainerItemProxy</string>
			<key>proxyType</key>
			<string>1</string>
			<key>remoteGlobalIDString</key>
			<string>45FD1280196CA8CA00777132</string>
			<key>remoteInfo</key>
			<string>Colormix</string>
		</dict>
		<key>45FD12AB196CA8CA00777132</key>
		<dict>
			<key>isa</key>
			<string>PBXTargetDependency</string>
			<key>target</key>
			<string>45FD1280196CA8CA00777132</string>
			<key>targetProxy</key>
			<string>45FD12AA196CA8CA00777132</string>
		</dict>
		<key>45FD12AC196CA8CA00777132</key>
		<dict>
			<key>children</key>
			<array>
				<string>45FD12B2196CA8CA00777132</string>
				<string>45FD12AD196CA8CA00777132</string>
			</array>
			<key>isa</key>
			<string>PBXGroup</string>
			<key>path</key>
			<string>ColormixTests</string>
			<key>sourceTree</key>
			<string>&lt;group&gt;</string>
		</dict>
		<key>45FD12AD196CA8CA00777132</key>
		<dict>
			<key>children</key>
			<array>
				<string>45FD12AE196CA8CA00777132</string>
				<string>45FD12AF196CA8CA00777132</string>
			</array>
			<key>isa</key>
			<string>PBXGroup</string>
			<key>name</key>
			<string>Supporting Files</string>
			<key>path</key>
			<string>Supporting Files</string>
			<key>sourceTree</key>
			<string>&lt;group&gt;</string>
		</dict>
		<key>45FD12AE196CA8CA00777132</key>
		<dict>
			<key>isa</key>
			<string>PBXFileReference</string>
			<key>lastKnownFileType</key>
			<string>text.plist.xml</string>
			<key>path</key>
			<string>ColormixTests-Info.plist</string>
			<key>sourceTree</key>
			<string>&lt;group&gt;</string>
		</dict>
		<key>45FD12AF196CA8CA00777132</key>
		<dict>
			<key>children</key>
			<array>
				<string>45FD12B0196CA8CA00777132</string>
			</array>
			<key>isa</key>
			<string>PBXVariantGroup</string>
			<key>name</key>
			<string>InfoPlist.strings</string>
			<key>sourceTree</key>
			<string>&lt;group&gt;</string>
		</dict>
		<key>45FD12B0196CA8CA00777132</key>
		<dict>
			<key>isa</key>
			<string>PBXFileReference</string>
			<key>lastKnownFileType</key>
			<string>text.plist.strings</string>
			<key>name</key>
			<string>en</string>
			<key>path</key>
			<string>en.lproj/InfoPlist.strings</string>
			<key>sourceTree</key>
			<string>&lt;group&gt;</string>
		</dict>
		<key>45FD12B1196CA8CA00777132</key>
		<dict>
			<key>fileRef</key>
			<string>45FD12AF196CA8CA00777132</string>
			<key>isa</key>
			<string>PBXBuildFile</string>
		</dict>
		<key>45FD12B2196CA8CA00777132</key>
		<dict>
			<key>isa</key>
			<string>PBXFileReference</string>
			<key>lastKnownFileType</key>
			<string>sourcecode.c.objc</string>
			<key>path</key>
			<string>ColormixTests.m</string>
			<key>sourceTree</key>
			<string>&lt;group&gt;</string>
		</dict>
		<key>45FD12B3196CA8CA00777132</key>
		<dict>
			<key>fileRef</key>
			<string>45FD12B2196CA8CA00777132</string>
			<key>isa</key>
			<string>PBXBuildFile</string>
		</dict>
		<key>45FD12B4196CA8CA00777132</key>
		<dict>
			<key>buildSettings</key>
			<dict>
				<key>ALWAYS_SEARCH_USER_PATHS</key>
				<string>NO</string>
				<key>CLANG_CXX_LANGUAGE_STANDARD</key>
				<string>gnu++0x</string>
				<key>CLANG_CXX_LIBRARY</key>
				<string>libc++</string>
				<key>CLANG_ENABLE_MODULES</key>
				<string>YES</string>
				<key>CLANG_ENABLE_OBJC_ARC</key>
				<string>YES</string>
				<key>CLANG_WARN_BOOL_CONVERSION</key>
				<string>YES</string>
				<key>CLANG_WARN_CONSTANT_CONVERSION</key>
				<string>YES</string>
				<key>CLANG_WARN_DIRECT_OBJC_ISA_USAGE</key>
				<string>YES_ERROR</string>
				<key>CLANG_WARN_EMPTY_BODY</key>
				<string>YES</string>
				<key>CLANG_WARN_ENUM_CONVERSION</key>
				<string>YES</string>
				<key>CLANG_WARN_INT_CONVERSION</key>
				<string>YES</string>
				<key>CLANG_WARN_OBJC_ROOT_CLASS</key>
				<string>YES_ERROR</string>
				<key>CLANG_WARN__DUPLICATE_METHOD_MATCH</key>
				<string>YES</string>
				<key>CODE_SIGN_IDENTITY</key>
				<string></string>
				<key>CODE_SIGN_IDENTITY[sdk=iphoneos*]</key>
				<string></string>
				<key>COPY_PHASE_STRIP</key>
				<string>NO</string>
				<key>GCC_C_LANGUAGE_STANDARD</key>
				<string>gnu99</string>
				<key>GCC_DYNAMIC_NO_PIC</key>
				<string>NO</string>
				<key>GCC_OPTIMIZATION_LEVEL</key>
				<string>0</string>
				<key>GCC_PREPROCESSOR_DEFINITIONS</key>
				<array>
					<string>DEBUG=1</string>
					<string>$(inherited)</string>
				</array>
				<key>GCC_SYMBOLS_PRIVATE_EXTERN</key>
				<string>NO</string>
				<key>GCC_WARN_64_TO_32_BIT_CONVERSION</key>
				<string>YES</string>
				<key>GCC_WARN_ABOUT_RETURN_TYPE</key>
				<string>YES_ERROR</string>
				<key>GCC_WARN_UNDECLARED_SELECTOR</key>
				<string>YES</string>
				<key>GCC_WARN_UNINITIALIZED_AUTOS</key>
				<string>YES_AGGRESSIVE</string>
				<key>GCC_WARN_UNUSED_FUNCTION</key>
				<string>YES</string>
				<key>GCC_WARN_UNUSED_VARIABLE</key>
				<string>YES</string>
				<key>IPHONEOS_DEPLOYMENT_TARGET</key>
				<string>7.1</string>
				<key>ONLY_ACTIVE_ARCH</key>
				<string>YES</string>
				<key>PROVISIONING_PROFILE</key>
				<string>78266E64-45B2-42E9-8606-C4B87889F588</string>
				<key>SDKROOT</key>
				<string>iphoneos</string>
				<key>TARGETED_DEVICE_FAMILY</key>
				<string>1,2</string>
			</dict>
			<key>isa</key>
			<string>XCBuildConfiguration</string>
			<key>name</key>
			<string>Debug</string>
		</dict>
		<key>45FD12B5196CA8CA00777132</key>
		<dict>
			<key>buildSettings</key>
			<dict>
				<key>ALWAYS_SEARCH_USER_PATHS</key>
				<string>NO</string>
				<key>CLANG_CXX_LANGUAGE_STANDARD</key>
				<string>gnu++0x</string>
				<key>CLANG_CXX_LIBRARY</key>
				<string>libc++</string>
				<key>CLANG_ENABLE_MODULES</key>
				<string>YES</string>
				<key>CLANG_ENABLE_OBJC_ARC</key>
				<string>YES</string>
				<key>CLANG_WARN_BOOL_CONVERSION</key>
				<string>YES</string>
				<key>CLANG_WARN_CONSTANT_CONVERSION</key>
				<string>YES</string>
				<key>CLANG_WARN_DIRECT_OBJC_ISA_USAGE</key>
				<string>YES_ERROR</string>
				<key>CLANG_WARN_EMPTY_BODY</key>
				<string>YES</string>
				<key>CLANG_WARN_ENUM_CONVERSION</key>
				<string>YES</string>
				<key>CLANG_WARN_INT_CONVERSION</key>
				<string>YES</string>
				<key>CLANG_WARN_OBJC_ROOT_CLASS</key>
				<string>YES_ERROR</string>
				<key>CLANG_WARN__DUPLICATE_METHOD_MATCH</key>
				<string>YES</string>
				<key>CODE_SIGN_IDENTITY</key>
				<string></string>
				<key>CODE_SIGN_IDENTITY[sdk=iphoneos*]</key>
				<string></string>
				<key>COPY_PHASE_STRIP</key>
				<string>YES</string>
				<key>ENABLE_NS_ASSERTIONS</key>
				<string>NO</string>
				<key>GCC_C_LANGUAGE_STANDARD</key>
				<string>gnu99</string>
				<key>GCC_WARN_64_TO_32_BIT_CONVERSION</key>
				<string>YES</string>
				<key>GCC_WARN_ABOUT_RETURN_TYPE</key>
				<string>YES_ERROR</string>
				<key>GCC_WARN_UNDECLARED_SELECTOR</key>
				<string>YES</string>
				<key>GCC_WARN_UNINITIALIZED_AUTOS</key>
				<string>YES_AGGRESSIVE</string>
				<key>GCC_WARN_UNUSED_FUNCTION</key>
				<string>YES</string>
				<key>GCC_WARN_UNUSED_VARIABLE</key>
				<string>YES</string>
				<key>IPHONEOS_DEPLOYMENT_TARGET</key>
				<string>7.1</string>
				<key>PROVISIONING_PROFILE</key>
				<string>78266E64-45B2-42E9-8606-C4B87889F588</string>
				<key>SDKROOT</key>
				<string>iphoneos</string>
				<key>TARGETED_DEVICE_FAMILY</key>
				<string>1,2</string>
				<key>VALIDATE_PRODUCT</key>
				<string>YES</string>
			</dict>
			<key>isa</key>
			<string>XCBuildConfiguration</string>
			<key>name</key>
			<string>Release</string>
		</dict>
		<key>45FD12B6196CA8CA00777132</key>
		<dict>
			<key>buildConfigurations</key>
			<array>
				<string>45FD12B7196CA8CA00777132</string>
				<string>45FD12B8196CA8CA00777132</string>
			</array>
			<key>defaultConfigurationIsVisible</key>
			<string>0</string>
			<key>defaultConfigurationName</key>
			<string>Release</string>
			<key>isa</key>
			<string>XCConfigurationList</string>
		</dict>
		<key>45FD12B7196CA8CA00777132</key>
		<dict>
			<key>baseConfigurationReference</key>
			<string>7A7F533224B74F6088932FED</string>
			<key>buildSettings</key>
			<dict>
				<key>ASSETCATALOG_COMPILER_APPICON_NAME</key>
				<string>AppIcon</string>
				<key>ASSETCATALOG_COMPILER_LAUNCHIMAGE_NAME</key>
				<string>LaunchImage</string>
				<key>CODE_SIGN_IDENTITY</key>
				<string></string>
				<key>CODE_SIGN_IDENTITY[sdk=iphoneos*]</key>
				<string></string>
				<key>GCC_PRECOMPILE_PREFIX_HEADER</key>
				<string>YES</string>
				<key>GCC_PREFIX_HEADER</key>
				<string>Colormix/Supporting Files/Colormix-Prefix.pch</string>
				<key>INFOPLIST_FILE</key>
				<string>Colormix/Supporting Files/Colormix-Info.plist</string>
				<key>PRODUCT_NAME</key>
				<string>$(TARGET_NAME)</string>
				<key>PROVISIONING_PROFILE</key>
				<string>75F160EF-A864-4BB3-B053-3A3E625BB596</string>
				<key>WRAPPER_EXTENSION</key>
				<string>app</string>
			</dict>
			<key>isa</key>
			<string>XCBuildConfiguration</string>
			<key>name</key>
			<string>Debug</string>
		</dict>
		<key>45FD12B8196CA8CA00777132</key>
		<dict>
			<key>baseConfigurationReference</key>
			<string>7A7F533224B74F6088932FED</string>
			<key>buildSettings</key>
			<dict>
				<key>ASSETCATALOG_COMPILER_APPICON_NAME</key>
				<string>AppIcon</string>
				<key>ASSETCATALOG_COMPILER_LAUNCHIMAGE_NAME</key>
				<string>LaunchImage</string>
				<key>CODE_SIGN_IDENTITY</key>
				<string></string>
				<key>CODE_SIGN_IDENTITY[sdk=iphoneos*]</key>
				<string></string>
				<key>GCC_PRECOMPILE_PREFIX_HEADER</key>
				<string>YES</string>
				<key>GCC_PREFIX_HEADER</key>
				<string>Colormix/Supporting Files/Colormix-Prefix.pch</string>
				<key>INFOPLIST_FILE</key>
				<string>Colormix/Supporting Files/Colormix-Info.plist</string>
				<key>PRODUCT_NAME</key>
				<string>$(TARGET_NAME)</string>
				<key>PROVISIONING_PROFILE</key>
				<string>75F160EF-A864-4BB3-B053-3A3E625BB596</string>
				<key>WRAPPER_EXTENSION</key>
				<string>app</string>
			</dict>
			<key>isa</key>
			<string>XCBuildConfiguration</string>
			<key>name</key>
			<string>Release</string>
		</dict>
		<key>45FD12B9196CA8CA00777132</key>
		<dict>
			<key>buildConfigurations</key>
			<array>
				<string>45FD12BA196CA8CA00777132</string>
				<string>45FD12BB196CA8CA00777132</string>
			</array>
			<key>defaultConfigurationIsVisible</key>
			<string>0</string>
			<key>defaultConfigurationName</key>
			<string>Release</string>
			<key>isa</key>
			<string>XCConfigurationList</string>
		</dict>
		<key>45FD12BA196CA8CA00777132</key>
		<dict>
			<key>buildSettings</key>
			<dict>
				<key>BUNDLE_LOADER</key>
				<string>$(BUILT_PRODUCTS_DIR)/Colormix.app/Colormix</string>
				<key>FRAMEWORK_SEARCH_PATHS</key>
				<array>
					<string>$(SDKROOT)/Developer/Library/Frameworks</string>
					<string>$(inherited)</string>
					<string>$(DEVELOPER_FRAMEWORKS_DIR)</string>
				</array>
				<key>GCC_PRECOMPILE_PREFIX_HEADER</key>
				<string>YES</string>
				<key>GCC_PREFIX_HEADER</key>
				<string>Colormix/Supporting Files/Colormix-Prefix.pch</string>
				<key>GCC_PREPROCESSOR_DEFINITIONS</key>
				<array>
					<string>DEBUG=1</string>
					<string>$(inherited)</string>
				</array>
				<key>INFOPLIST_FILE</key>
				<string>ColormixTests/Supporting Files/ColormixTests-Info.plist</string>
				<key>PRODUCT_NAME</key>
				<string>$(TARGET_NAME)</string>
				<key>TEST_HOST</key>
				<string>$(BUNDLE_LOADER)</string>
				<key>WRAPPER_EXTENSION</key>
				<string>xctest</string>
			</dict>
			<key>isa</key>
			<string>XCBuildConfiguration</string>
			<key>name</key>
			<string>Debug</string>
		</dict>
		<key>45FD12BB196CA8CA00777132</key>
		<dict>
			<key>buildSettings</key>
			<dict>
				<key>BUNDLE_LOADER</key>
				<string>$(BUILT_PRODUCTS_DIR)/Colormix.app/Colormix</string>
				<key>FRAMEWORK_SEARCH_PATHS</key>
				<array>
					<string>$(SDKROOT)/Developer/Library/Frameworks</string>
					<string>$(inherited)</string>
					<string>$(DEVELOPER_FRAMEWORKS_DIR)</string>
				</array>
				<key>GCC_PRECOMPILE_PREFIX_HEADER</key>
				<string>YES</string>
				<key>GCC_PREFIX_HEADER</key>
				<string>Colormix/Supporting Files/Colormix-Prefix.pch</string>
				<key>INFOPLIST_FILE</key>
				<string>ColormixTests/Supporting Files/ColormixTests-Info.plist</string>
				<key>PRODUCT_NAME</key>
				<string>$(TARGET_NAME)</string>
				<key>TEST_HOST</key>
				<string>$(BUNDLE_LOADER)</string>
				<key>WRAPPER_EXTENSION</key>
				<string>xctest</string>
			</dict>
			<key>isa</key>
			<string>XCBuildConfiguration</string>
			<key>name</key>
			<string>Release</string>
		</dict>
		<key>60D91D4711704F5981B2B525</key>
		<dict>
			<key>buildActionMask</key>
			<string>2147483647</string>
			<key>files</key>
			<array/>
			<key>inputPaths</key>
			<array/>
			<key>isa</key>
			<string>PBXShellScriptBuildPhase</string>
			<key>name</key>
			<string>Copy Pods Resources</string>
			<key>outputPaths</key>
			<array/>
			<key>runOnlyForDeploymentPostprocessing</key>
			<string>0</string>
			<key>shellPath</key>
			<string>/bin/sh</string>
			<key>shellScript</key>
			<string>"${SRCROOT}/Pods/Pods-resources.sh"
</string>
			<key>showEnvVarsInLog</key>
			<string>0</string>
		</dict>
		<key>6A036573136C4B7D8490C4EA</key>
		<dict>
			<key>explicitFileType</key>
			<string>archive.ar</string>
			<key>includeInIndex</key>
			<string>0</string>
			<key>isa</key>
			<string>PBXFileReference</string>
			<key>path</key>
			<string>libPods.a</string>
			<key>sourceTree</key>
			<string>BUILT_PRODUCTS_DIR</string>
		</dict>
		<key>7A7F533224B74F6088932FED</key>
		<dict>
			<key>includeInIndex</key>
			<string>1</string>
			<key>isa</key>
			<string>PBXFileReference</string>
			<key>lastKnownFileType</key>
			<string>text.xcconfig</string>
			<key>name</key>
			<string>Pods.xcconfig</string>
			<key>path</key>
			<string>Pods/Pods.xcconfig</string>
			<key>sourceTree</key>
			<string>&lt;group&gt;</string>
		</dict>
		<key>B099CCD384BB40C5A2DCD09C</key>
		<dict>
			<key>fileRef</key>
			<string>6A036573136C4B7D8490C4EA</string>
			<key>isa</key>
			<string>PBXBuildFile</string>
		</dict>
		<key>DC84590A4D6C4B43A0757DD5</key>
		<dict>
			<key>buildActionMask</key>
			<string>2147483647</string>
			<key>files</key>
			<array/>
			<key>inputPaths</key>
			<array/>
			<key>isa</key>
			<string>PBXShellScriptBuildPhase</string>
			<key>name</key>
			<string>Check Pods Manifest.lock</string>
			<key>outputPaths</key>
			<array/>
			<key>runOnlyForDeploymentPostprocessing</key>
			<string>0</string>
			<key>shellPath</key>
			<string>/bin/sh</string>
			<key>shellScript</key>
			<string>diff "${PODS_ROOT}/../Podfile.lock" "${PODS_ROOT}/Manifest.lock" &gt; /dev/null
if [[ $? != 0 ]] ; then
    cat &lt;&lt; EOM
error: The sandbox is not in sync with the Podfile.lock. Run 'pod install' or update your CocoaPods installation.
EOM
    exit 1
fi
</string>
			<key>showEnvVarsInLog</key>
			<string>0</string>
		</dict>
	</dict>
	<key>rootObject</key>
	<string>45FD1279196CA8CA00777132</string>
</dict>
</plist>
