// !$*UTF8*$!
{
	archiveVersion = 1;
	classes = {
	};
	objectVersion = 46;
	objects = {

/* Begin PBXBuildFile section */
		451CA34D1978A27E0016A3D8 /* UIColor+Colormix.m in Sources */ = {isa = PBXBuildFile; fileRef = 451CA34C1978A27E0016A3D8 /* UIColor+Colormix.m */; };
		451CA34E1978A27E0016A3D8 /* UIColor+Colormix.m in Sources */ = {isa = PBXBuildFile; fileRef = 451CA34C1978A27E0016A3D8 /* UIColor+Colormix.m */; };
		451CA3501978D9950016A3D8 /* Settings.bundle in Resources */ = {isa = PBXBuildFile; fileRef = 451CA34F1978D9950016A3D8 /* Settings.bundle */; };
		451CA3511978D9950016A3D8 /* Settings.bundle in Resources */ = {isa = PBXBuildFile; fileRef = 451CA34F1978D9950016A3D8 /* Settings.bundle */; };
		453DF5D61A237D7B005A006B /* AppDelegate.swift in Sources */ = {isa = PBXBuildFile; fileRef = 453DF5D51A237D7B005A006B /* AppDelegate.swift */; };
		453DF5D71A237D7B005A006B /* AppDelegate.swift in Sources */ = {isa = PBXBuildFile; fileRef = 453DF5D51A237D7B005A006B /* AppDelegate.swift */; };
		4566B4CA1A2FEDE40035D654 /* Storyboard.storyboard in Resources */ = {isa = PBXBuildFile; fileRef = 4566B4C91A2FEDE40035D654 /* Storyboard.storyboard */; };
		4566B4CB1A2FEDE40035D654 /* Storyboard.storyboard in Resources */ = {isa = PBXBuildFile; fileRef = 4566B4C91A2FEDE40035D654 /* Storyboard.storyboard */; };
		459ADD84197DBEC20029AE3E /* Crashlytics.framework in Frameworks */ = {isa = PBXBuildFile; fileRef = 459ADD83197DBEC20029AE3E /* Crashlytics.framework */; };
		45FD1285196CA8CA00777132 /* Foundation.framework in Frameworks */ = {isa = PBXBuildFile; fileRef = 45FD1284196CA8CA00777132 /* Foundation.framework */; };
		45FD1287196CA8CA00777132 /* CoreGraphics.framework in Frameworks */ = {isa = PBXBuildFile; fileRef = 45FD1286196CA8CA00777132 /* CoreGraphics.framework */; };
		45FD1289196CA8CA00777132 /* UIKit.framework in Frameworks */ = {isa = PBXBuildFile; fileRef = 45FD1288196CA8CA00777132 /* UIKit.framework */; };
		45FD128F196CA8CA00777132 /* InfoPlist.strings in Resources */ = {isa = PBXBuildFile; fileRef = 45FD128D196CA8CA00777132 /* InfoPlist.strings */; };
		45FD1291196CA8CA00777132 /* main.m in Sources */ = {isa = PBXBuildFile; fileRef = 45FD1290196CA8CA00777132 /* main.m */; };
		45FD1295196CA8CA00777132 /* AppDelegate.m in Sources */ = {isa = PBXBuildFile; fileRef = 45FD1294196CA8CA00777132 /* AppDelegate.m */; };
		45FD1298196CA8CA00777132 /* Main_iPhone.storyboard in Resources */ = {isa = PBXBuildFile; fileRef = 45FD1296196CA8CA00777132 /* Main_iPhone.storyboard */; };
		45FD129B196CA8CA00777132 /* Main_iPad.storyboard in Resources */ = {isa = PBXBuildFile; fileRef = 45FD1299196CA8CA00777132 /* Main_iPad.storyboard */; };
		45FD129E196CA8CA00777132 /* ColorPickerViewController.m in Sources */ = {isa = PBXBuildFile; fileRef = 45FD129D196CA8CA00777132 /* ColorPickerViewController.m */; };
		45FD12A0196CA8CA00777132 /* Images.xcassets in Resources */ = {isa = PBXBuildFile; fileRef = 45FD129F196CA8CA00777132 /* Images.xcassets */; };
		45FD12A7196CA8CA00777132 /* XCTest.framework in Frameworks */ = {isa = PBXBuildFile; fileRef = 45FD12A6196CA8CA00777132 /* XCTest.framework */; };
		45FD12A8196CA8CA00777132 /* Foundation.framework in Frameworks */ = {isa = PBXBuildFile; fileRef = 45FD1284196CA8CA00777132 /* Foundation.framework */; };
		45FD12A9196CA8CA00777132 /* UIKit.framework in Frameworks */ = {isa = PBXBuildFile; fileRef = 45FD1288196CA8CA00777132 /* UIKit.framework */; };
		45FD12B1196CA8CA00777132 /* InfoPlist.strings in Resources */ = {isa = PBXBuildFile; fileRef = 45FD12AF196CA8CA00777132 /* InfoPlist.strings */; };
		45FD12B3196CA8CA00777132 /* ColormixTests.m in Sources */ = {isa = PBXBuildFile; fileRef = 45FD12B2196CA8CA00777132 /* ColormixTests.m */; };
		45FD99CE197AF731001F1D34 /* ColorPickerView.m in Sources */ = {isa = PBXBuildFile; fileRef = 45FD99CD197AF731001F1D34 /* ColorPickerView.m */; };
		45FD99CF197AF731001F1D34 /* ColorPickerView.m in Sources */ = {isa = PBXBuildFile; fileRef = 45FD99CD197AF731001F1D34 /* ColorPickerView.m */; };
		45FD99D3197AF78A001F1D34 /* ColorPickerView.xib in Resources */ = {isa = PBXBuildFile; fileRef = 45FD99D2197AF78A001F1D34 /* ColorPickerView.xib */; };
		45FD99D4197AF78A001F1D34 /* ColorPickerView.xib in Resources */ = {isa = PBXBuildFile; fileRef = 45FD99D2197AF78A001F1D34 /* ColorPickerView.xib */; };
		B099CCD384BB40C5A2DCD09C /* libPods.a in Frameworks */ = {isa = PBXBuildFile; fileRef = 6A036573136C4B7D8490C4EA /* libPods.a */; };
/* End PBXBuildFile section */

/* Begin PBXContainerItemProxy section */
		45FD12AA196CA8CA00777132 /* PBXContainerItemProxy */ = {
			isa = PBXContainerItemProxy;
			containerPortal = 45FD1279196CA8CA00777132 /* Project object */;
			proxyType = 1;
			remoteGlobalIDString = 45FD1280196CA8CA00777132;
			remoteInfo = Colormix;
		};
/* End PBXContainerItemProxy section */

/* Begin PBXFileReference section */
		451CA33E19787C9B0016A3D8 /* ColormixKit.h */ = {isa = PBXFileReference; fileEncoding = 4; lastKnownFileType = sourcecode.c.h; path = ColormixKit.h; sourceTree = "<group>"; };
		451CA34B1978A27E0016A3D8 /* UIColor+Colormix.h */ = {isa = PBXFileReference; fileEncoding = 4; lastKnownFileType = sourcecode.c.h; path = "UIColor+Colormix.h"; sourceTree = "<group>"; };
		451CA34C1978A27E0016A3D8 /* UIColor+Colormix.m */ = {isa = PBXFileReference; fileEncoding = 4; lastKnownFileType = sourcecode.c.objc; path = "UIColor+Colormix.m"; sourceTree = "<group>"; };
		451CA34F1978D9950016A3D8 /* Settings.bundle */ = {isa = PBXFileReference; lastKnownFileType = "wrapper.plug-in"; path = Settings.bundle; sourceTree = "<group>"; };
		453D2D93196D1E3000F3CFDE /* ColormixConstants.h */ = {isa = PBXFileReference; fileEncoding = 4; lastKnownFileType = sourcecode.c.h; path = ColormixConstants.h; sourceTree = "<group>"; };
		453DF5D31A237D7A005A006B /* Colormix-Bridging-Header.h */ = {isa = PBXFileReference; lastKnownFileType = sourcecode.c.h; path = "Colormix-Bridging-Header.h"; sourceTree = "<group>"; };
		453DF5D41A237D7A005A006B /* ColormixTests-Bridging-Header.h */ = {isa = PBXFileReference; lastKnownFileType = sourcecode.c.h; path = "ColormixTests-Bridging-Header.h"; sourceTree = "<group>"; };
		453DF5D51A237D7B005A006B /* AppDelegate.swift */ = {isa = PBXFileReference; fileEncoding = 4; lastKnownFileType = sourcecode.swift; path = AppDelegate.swift; sourceTree = "<group>"; };
		453DF5D81A238711005A006B /* ColorPickerView.swift */ = {isa = PBXFileReference; fileEncoding = 4; lastKnownFileType = sourcecode.swift; path = ColorPickerView.swift; sourceTree = "<group>"; };
		4566B4C91A2FEDE40035D654 /* Storyboard.storyboard */ = {isa = PBXFileReference; fileEncoding = 4; lastKnownFileType = file.storyboard; path = Storyboard.storyboard; sourceTree = "<group>"; };
		459ADD83197DBEC20029AE3E /* Crashlytics.framework */ = {isa = PBXFileReference; lastKnownFileType = wrapper.framework; path = Crashlytics.framework; sourceTree = "<group>"; };
		45FD1281196CA8CA00777132 /* Colormix.app */ = {isa = PBXFileReference; explicitFileType = wrapper.application; includeInIndex = 0; path = Colormix.app; sourceTree = BUILT_PRODUCTS_DIR; };
		45FD1284196CA8CA00777132 /* Foundation.framework */ = {isa = PBXFileReference; lastKnownFileType = wrapper.framework; name = Foundation.framework; path = System/Library/Frameworks/Foundation.framework; sourceTree = SDKROOT; };
		45FD1286196CA8CA00777132 /* CoreGraphics.framework */ = {isa = PBXFileReference; lastKnownFileType = wrapper.framework; name = CoreGraphics.framework; path = System/Library/Frameworks/CoreGraphics.framework; sourceTree = SDKROOT; };
		45FD1288196CA8CA00777132 /* UIKit.framework */ = {isa = PBXFileReference; lastKnownFileType = wrapper.framework; name = UIKit.framework; path = System/Library/Frameworks/UIKit.framework; sourceTree = SDKROOT; };
		45FD128C196CA8CA00777132 /* Colormix-Info.plist */ = {isa = PBXFileReference; lastKnownFileType = text.plist.xml; path = "Colormix-Info.plist"; sourceTree = "<group>"; };
		45FD128E196CA8CA00777132 /* en */ = {isa = PBXFileReference; lastKnownFileType = text.plist.strings; name = en; path = en.lproj/InfoPlist.strings; sourceTree = "<group>"; };
		45FD1290196CA8CA00777132 /* main.m */ = {isa = PBXFileReference; lastKnownFileType = sourcecode.c.objc; path = main.m; sourceTree = "<group>"; };
		45FD1292196CA8CA00777132 /* Colormix-Prefix.pch */ = {isa = PBXFileReference; lastKnownFileType = sourcecode.c.h; path = "Colormix-Prefix.pch"; sourceTree = "<group>"; };
		45FD1293196CA8CA00777132 /* AppDelegate.h */ = {isa = PBXFileReference; lastKnownFileType = sourcecode.c.h; path = AppDelegate.h; sourceTree = "<group>"; };
		45FD1294196CA8CA00777132 /* AppDelegate.m */ = {isa = PBXFileReference; lastKnownFileType = sourcecode.c.objc; path = AppDelegate.m; sourceTree = "<group>"; };
		45FD1297196CA8CA00777132 /* Base */ = {isa = PBXFileReference; lastKnownFileType = file.storyboard; name = Base; path = Base.lproj/Main_iPhone.storyboard; sourceTree = "<group>"; };
		45FD129A196CA8CA00777132 /* Base */ = {isa = PBXFileReference; lastKnownFileType = file.storyboard; name = Base; path = Base.lproj/Main_iPad.storyboard; sourceTree = "<group>"; };
		45FD129C196CA8CA00777132 /* ColorPickerViewController.h */ = {isa = PBXFileReference; lastKnownFileType = sourcecode.c.h; path = ColorPickerViewController.h; sourceTree = "<group>"; };
		45FD129D196CA8CA00777132 /* ColorPickerViewController.m */ = {isa = PBXFileReference; lastKnownFileType = sourcecode.c.objc; path = ColorPickerViewController.m; sourceTree = "<group>"; };
		45FD129F196CA8CA00777132 /* Images.xcassets */ = {isa = PBXFileReference; lastKnownFileType = folder.assetcatalog; path = Images.xcassets; sourceTree = "<group>"; };
		45FD12A5196CA8CA00777132 /* ColormixTests.xctest */ = {isa = PBXFileReference; explicitFileType = wrapper.cfbundle; includeInIndex = 0; path = ColormixTests.xctest; sourceTree = BUILT_PRODUCTS_DIR; };
		45FD12A6196CA8CA00777132 /* XCTest.framework */ = {isa = PBXFileReference; lastKnownFileType = wrapper.framework; name = XCTest.framework; path = Library/Frameworks/XCTest.framework; sourceTree = DEVELOPER_DIR; };
		45FD12AE196CA8CA00777132 /* ColormixTests-Info.plist */ = {isa = PBXFileReference; lastKnownFileType = text.plist.xml; path = "ColormixTests-Info.plist"; sourceTree = "<group>"; };
		45FD12B0196CA8CA00777132 /* en */ = {isa = PBXFileReference; lastKnownFileType = text.plist.strings; name = en; path = en.lproj/InfoPlist.strings; sourceTree = "<group>"; };
		45FD12B2196CA8CA00777132 /* ColormixTests.m */ = {isa = PBXFileReference; lastKnownFileType = sourcecode.c.objc; path = ColormixTests.m; sourceTree = "<group>"; };
		45FD99CC197AF731001F1D34 /* ColorPickerView.h */ = {isa = PBXFileReference; fileEncoding = 4; lastKnownFileType = sourcecode.c.h; path = ColorPickerView.h; sourceTree = "<group>"; };
		45FD99CD197AF731001F1D34 /* ColorPickerView.m */ = {isa = PBXFileReference; fileEncoding = 4; lastKnownFileType = sourcecode.c.objc; path = ColorPickerView.m; sourceTree = "<group>"; };
		45FD99D2197AF78A001F1D34 /* ColorPickerView.xib */ = {isa = PBXFileReference; fileEncoding = 4; lastKnownFileType = file.xib; path = ColorPickerView.xib; sourceTree = "<group>"; };
		6A036573136C4B7D8490C4EA /* libPods.a */ = {isa = PBXFileReference; explicitFileType = archive.ar; includeInIndex = 0; path = libPods.a; sourceTree = BUILT_PRODUCTS_DIR; };
		7A7F533224B74F6088932FED /* Pods.xcconfig */ = {isa = PBXFileReference; includeInIndex = 1; lastKnownFileType = text.xcconfig; name = Pods.xcconfig; path = Pods/Pods.xcconfig; sourceTree = "<group>"; };
/* End PBXFileReference section */

/* Begin PBXFrameworksBuildPhase section */
		45FD127E196CA8CA00777132 /* Frameworks */ = {
			isa = PBXFrameworksBuildPhase;
			buildActionMask = 2147483647;
			files = (
				45FD1287196CA8CA00777132 /* CoreGraphics.framework in Frameworks */,
				45FD1289196CA8CA00777132 /* UIKit.framework in Frameworks */,
				45FD1285196CA8CA00777132 /* Foundation.framework in Frameworks */,
				459ADD84197DBEC20029AE3E /* Crashlytics.framework in Frameworks */,
				B099CCD384BB40C5A2DCD09C /* libPods.a in Frameworks */,
			);
			runOnlyForDeploymentPostprocessing = 0;
		};
		45FD12A2196CA8CA00777132 /* Frameworks */ = {
			isa = PBXFrameworksBuildPhase;
			buildActionMask = 2147483647;
			files = (
				45FD12A7196CA8CA00777132 /* XCTest.framework in Frameworks */,
				45FD12A9196CA8CA00777132 /* UIKit.framework in Frameworks */,
				45FD12A8196CA8CA00777132 /* Foundation.framework in Frameworks */,
			);
			runOnlyForDeploymentPostprocessing = 0;
		};
/* End PBXFrameworksBuildPhase section */

/* Begin PBXGroup section */
		451CA345197887A10016A3D8 /* Common */ = {
			isa = PBXGroup;
			children = (
				453D2D93196D1E3000F3CFDE /* ColormixConstants.h */,
				451CA33E19787C9B0016A3D8 /* ColormixKit.h */,
				45FD99D0197AF766001F1D34 /* Categories */,
				45FD99D1197AF76F001F1D34 /* Views */,
			);
			path = Common;
			sourceTree = "<group>";
		};
		45FD1278196CA8CA00777132 = {
			isa = PBXGroup;
			children = (
				45FD128A196CA8CA00777132 /* Colormix */,
				45FD12AC196CA8CA00777132 /* ColormixTests */,
				45FD1283196CA8CA00777132 /* Frameworks */,
				45FD1282196CA8CA00777132 /* Products */,
				7A7F533224B74F6088932FED /* Pods.xcconfig */,
			);
			sourceTree = "<group>";
		};
		45FD1282196CA8CA00777132 /* Products */ = {
			isa = PBXGroup;
			children = (
				45FD1281196CA8CA00777132 /* Colormix.app */,
				45FD12A5196CA8CA00777132 /* ColormixTests.xctest */,
			);
			name = Products;
			sourceTree = "<group>";
		};
		45FD1283196CA8CA00777132 /* Frameworks */ = {
			isa = PBXGroup;
			children = (
				459ADD83197DBEC20029AE3E /* Crashlytics.framework */,
				45FD1284196CA8CA00777132 /* Foundation.framework */,
				45FD1286196CA8CA00777132 /* CoreGraphics.framework */,
				45FD1288196CA8CA00777132 /* UIKit.framework */,
				45FD12A6196CA8CA00777132 /* XCTest.framework */,
				6A036573136C4B7D8490C4EA /* libPods.a */,
			);
			name = Frameworks;
			sourceTree = "<group>";
		};
		45FD128A196CA8CA00777132 /* Colormix */ = {
			isa = PBXGroup;
			children = (
				451CA345197887A10016A3D8 /* Common */,
				45FD1293196CA8CA00777132 /* AppDelegate.h */,
				45FD1294196CA8CA00777132 /* AppDelegate.m */,
				453DF5D51A237D7B005A006B /* AppDelegate.swift */,
				4566B4C91A2FEDE40035D654 /* Storyboard.storyboard */,
				45FD1296196CA8CA00777132 /* Main_iPhone.storyboard */,
				45FD1299196CA8CA00777132 /* Main_iPad.storyboard */,
				45FD129C196CA8CA00777132 /* ColorPickerViewController.h */,
				45FD129D196CA8CA00777132 /* ColorPickerViewController.m */,
				45FD129F196CA8CA00777132 /* Images.xcassets */,
				45FD128B196CA8CA00777132 /* Supporting Files */,
				453DF5D31A237D7A005A006B /* Colormix-Bridging-Header.h */,
				453DF5D41A237D7A005A006B /* ColormixTests-Bridging-Header.h */,
			);
			path = Colormix;
			sourceTree = "<group>";
		};
		45FD128B196CA8CA00777132 /* Supporting Files */ = {
			isa = PBXGroup;
			children = (
				451CA34F1978D9950016A3D8 /* Settings.bundle */,
				45FD128C196CA8CA00777132 /* Colormix-Info.plist */,
				45FD128D196CA8CA00777132 /* InfoPlist.strings */,
				45FD1290196CA8CA00777132 /* main.m */,
				45FD1292196CA8CA00777132 /* Colormix-Prefix.pch */,
			);
			path = "Supporting Files";
			sourceTree = "<group>";
		};
		45FD12AC196CA8CA00777132 /* ColormixTests */ = {
			isa = PBXGroup;
			children = (
				45FD12B2196CA8CA00777132 /* ColormixTests.m */,
				45FD12AD196CA8CA00777132 /* Supporting Files */,
			);
			path = ColormixTests;
			sourceTree = "<group>";
		};
		45FD12AD196CA8CA00777132 /* Supporting Files */ = {
			isa = PBXGroup;
			children = (
				45FD12AE196CA8CA00777132 /* ColormixTests-Info.plist */,
				45FD12AF196CA8CA00777132 /* InfoPlist.strings */,
			);
			path = "Supporting Files";
			sourceTree = "<group>";
		};
		45FD99D0197AF766001F1D34 /* Categories */ = {
			isa = PBXGroup;
			children = (
				451CA34B1978A27E0016A3D8 /* UIColor+Colormix.h */,
				451CA34C1978A27E0016A3D8 /* UIColor+Colormix.m */,
			);
			name = Categories;
			sourceTree = "<group>";
		};
		45FD99D1197AF76F001F1D34 /* Views */ = {
			isa = PBXGroup;
			children = (
				45FD99CC197AF731001F1D34 /* ColorPickerView.h */,
				45FD99CD197AF731001F1D34 /* ColorPickerView.m */,
				453DF5D81A238711005A006B /* ColorPickerView.swift */,
				45FD99D2197AF78A001F1D34 /* ColorPickerView.xib */,
			);
			name = Views;
			sourceTree = "<group>";
		};
/* End PBXGroup section */

/* Begin PBXNativeTarget section */
		45FD1280196CA8CA00777132 /* Colormix */ = {
			isa = PBXNativeTarget;
			buildConfigurationList = 45FD12B6196CA8CA00777132 /* Build configuration list for PBXNativeTarget "Colormix" */;
			buildPhases = (
				DC84590A4D6C4B43A0757DD5 /* Check Pods Manifest.lock */,
				45FD127D196CA8CA00777132 /* Sources */,
				45FD127E196CA8CA00777132 /* Frameworks */,
				45FD127F196CA8CA00777132 /* Resources */,
				60D91D4711704F5981B2B525 /* Copy Pods Resources */,
				459ADD82197DBEA30029AE3E /* Install Crashlytics */,
			);
			buildRules = (
			);
			dependencies = (
			);
			name = Colormix;
			productName = Colormix;
			productReference = 45FD1281196CA8CA00777132 /* Colormix.app */;
			productType = "com.apple.product-type.application";
		};
		45FD12A4196CA8CA00777132 /* ColormixTests */ = {
			isa = PBXNativeTarget;
			buildConfigurationList = 45FD12B9196CA8CA00777132 /* Build configuration list for PBXNativeTarget "ColormixTests" */;
			buildPhases = (
				45FD12A1196CA8CA00777132 /* Sources */,
				45FD12A2196CA8CA00777132 /* Frameworks */,
				45FD12A3196CA8CA00777132 /* Resources */,
			);
			buildRules = (
			);
			dependencies = (
				45FD12AB196CA8CA00777132 /* PBXTargetDependency */,
			);
			name = ColormixTests;
			productName = ColormixTests;
			productReference = 45FD12A5196CA8CA00777132 /* ColormixTests.xctest */;
			productType = "com.apple.product-type.bundle.unit-test";
		};
/* End PBXNativeTarget section */

/* Begin PBXProject section */
		45FD1279196CA8CA00777132 /* Project object */ = {
			isa = PBXProject;
			attributes = {
				LastUpgradeCheck = 0510;
				ORGANIZATIONNAME = Commodoreftp;
				TargetAttributes = {
					45FD1280196CA8CA00777132 = {
						DevelopmentTeam = YWKER65N63;
						SystemCapabilities = {
							com.apple.iCloud = {
								enabled = 0;
							};
						};
					};
					45FD12A4196CA8CA00777132 = {
						TestTargetID = 45FD1280196CA8CA00777132;
					};
				};
			};
			buildConfigurationList = 45FD127C196CA8CA00777132 /* Build configuration list for PBXProject "Colormix" */;
			compatibilityVersion = "Xcode 3.2";
			developmentRegion = English;
			hasScannedForEncodings = 0;
			knownRegions = (
				en,
				Base,
			);
			mainGroup = 45FD1278196CA8CA00777132;
			productRefGroup = 45FD1282196CA8CA00777132 /* Products */;
			projectDirPath = "";
			projectRoot = "";
			targets = (
				45FD1280196CA8CA00777132 /* Colormix */,
				45FD12A4196CA8CA00777132 /* ColormixTests */,
			);
		};
/* End PBXProject section */

/* Begin PBXResourcesBuildPhase section */
		45FD127F196CA8CA00777132 /* Resources */ = {
			isa = PBXResourcesBuildPhase;
			buildActionMask = 2147483647;
			files = (
				45FD129B196CA8CA00777132 /* Main_iPad.storyboard in Resources */,
				45FD12A0196CA8CA00777132 /* Images.xcassets in Resources */,
				451CA3501978D9950016A3D8 /* Settings.bundle in Resources */,
				45FD1298196CA8CA00777132 /* Main_iPhone.storyboard in Resources */,
				45FD99D3197AF78A001F1D34 /* ColorPickerView.xib in Resources */,
				4566B4CA1A2FEDE40035D654 /* Storyboard.storyboard in Resources */,
				45FD128F196CA8CA00777132 /* InfoPlist.strings in Resources */,
			);
			runOnlyForDeploymentPostprocessing = 0;
		};
		45FD12A3196CA8CA00777132 /* Resources */ = {
			isa = PBXResourcesBuildPhase;
			buildActionMask = 2147483647;
			files = (
				451CA3511978D9950016A3D8 /* Settings.bundle in Resources */,
				4566B4CB1A2FEDE40035D654 /* Storyboard.storyboard in Resources */,
				45FD99D4197AF78A001F1D34 /* ColorPickerView.xib in Resources */,
				45FD12B1196CA8CA00777132 /* InfoPlist.strings in Resources */,
			);
			runOnlyForDeploymentPostprocessing = 0;
		};
/* End PBXResourcesBuildPhase section */

/* Begin PBXShellScriptBuildPhase section */
		459ADD82197DBEA30029AE3E /* Install Crashlytics */ = {
			isa = PBXShellScriptBuildPhase;
			buildActionMask = 2147483647;
			files = (
			);
			inputPaths = (
			);
			name = "Install Crashlytics";
			outputPaths = (
			);
			runOnlyForDeploymentPostprocessing = 0;
			shellPath = /bin/sh;
			shellScript = "./Crashlytics.framework/run 36aebc5d6093c8a7cc64fae3d769bf41933d7919 216458b4f171c912dd83c54e976d100f7fe247d329693e1b32de3c10e1740bb1";
		};
		60D91D4711704F5981B2B525 /* Copy Pods Resources */ = {
			isa = PBXShellScriptBuildPhase;
			buildActionMask = 2147483647;
			files = (
			);
			inputPaths = (
			);
			name = "Copy Pods Resources";
			outputPaths = (
			);
			runOnlyForDeploymentPostprocessing = 0;
			shellPath = /bin/sh;
			shellScript = "\"${SRCROOT}/Pods/Pods-resources.sh\"\n";
			showEnvVarsInLog = 0;
		};
		DC84590A4D6C4B43A0757DD5 /* Check Pods Manifest.lock */ = {
			isa = PBXShellScriptBuildPhase;
			buildActionMask = 2147483647;
			files = (
			);
			inputPaths = (
			);
			name = "Check Pods Manifest.lock";
			outputPaths = (
			);
			runOnlyForDeploymentPostprocessing = 0;
			shellPath = /bin/sh;
			shellScript = "diff \"${PODS_ROOT}/../Podfile.lock\" \"${PODS_ROOT}/Manifest.lock\" > /dev/null\nif [[ $? != 0 ]] ; then\n    cat << EOM\nerror: The sandbox is not in sync with the Podfile.lock. Run 'pod install' or update your CocoaPods installation.\nEOM\n    exit 1\nfi\n";
			showEnvVarsInLog = 0;
		};
/* End PBXShellScriptBuildPhase section */

/* Begin PBXSourcesBuildPhase section */
		45FD127D196CA8CA00777132 /* Sources */ = {
			isa = PBXSourcesBuildPhase;
			buildActionMask = 2147483647;
			files = (
				453DF5D61A237D7B005A006B /* AppDelegate.swift in Sources */,
				45FD129E196CA8CA00777132 /* ColorPickerViewController.m in Sources */,
				45FD99CE197AF731001F1D34 /* ColorPickerView.m in Sources */,
				45FD1295196CA8CA00777132 /* AppDelegate.m in Sources */,
				451CA34D1978A27E0016A3D8 /* UIColor+Colormix.m in Sources */,
				45FD1291196CA8CA00777132 /* main.m in Sources */,
			);
			runOnlyForDeploymentPostprocessing = 0;
		};
		45FD12A1196CA8CA00777132 /* Sources */ = {
			isa = PBXSourcesBuildPhase;
			buildActionMask = 2147483647;
			files = (
				453DF5D71A237D7B005A006B /* AppDelegate.swift in Sources */,
				451CA34E1978A27E0016A3D8 /* UIColor+Colormix.m in Sources */,
				45FD12B3196CA8CA00777132 /* ColormixTests.m in Sources */,
				45FD99CF197AF731001F1D34 /* ColorPickerView.m in Sources */,
			);
			runOnlyForDeploymentPostprocessing = 0;
		};
/* End PBXSourcesBuildPhase section */

/* Begin PBXTargetDependency section */
		45FD12AB196CA8CA00777132 /* PBXTargetDependency */ = {
			isa = PBXTargetDependency;
			target = 45FD1280196CA8CA00777132 /* Colormix */;
			targetProxy = 45FD12AA196CA8CA00777132 /* PBXContainerItemProxy */;
		};
/* End PBXTargetDependency section */

/* Begin PBXVariantGroup section */
		45FD128D196CA8CA00777132 /* InfoPlist.strings */ = {
			isa = PBXVariantGroup;
			children = (
				45FD128E196CA8CA00777132 /* en */,
			);
			name = InfoPlist.strings;
			sourceTree = "<group>";
		};
		45FD1296196CA8CA00777132 /* Main_iPhone.storyboard */ = {
			isa = PBXVariantGroup;
			children = (
				45FD1297196CA8CA00777132 /* Base */,
			);
			name = Main_iPhone.storyboard;
			sourceTree = "<group>";
		};
		45FD1299196CA8CA00777132 /* Main_iPad.storyboard */ = {
			isa = PBXVariantGroup;
			children = (
				45FD129A196CA8CA00777132 /* Base */,
			);
			name = Main_iPad.storyboard;
			sourceTree = "<group>";
		};
		45FD12AF196CA8CA00777132 /* InfoPlist.strings */ = {
			isa = PBXVariantGroup;
			children = (
				45FD12B0196CA8CA00777132 /* en */,
			);
			name = InfoPlist.strings;
			sourceTree = "<group>";
		};
/* End PBXVariantGroup section */

/* Begin XCBuildConfiguration section */
		45FD12B4196CA8CA00777132 /* Debug */ = {
			isa = XCBuildConfiguration;
			buildSettings = {
				ALWAYS_SEARCH_USER_PATHS = NO;
				CLANG_CXX_LANGUAGE_STANDARD = "gnu++0x";
				CLANG_CXX_LIBRARY = "libc++";
				CLANG_ENABLE_MODULES = YES;
				CLANG_ENABLE_OBJC_ARC = YES;
				CLANG_WARN_BOOL_CONVERSION = YES;
				CLANG_WARN_CONSTANT_CONVERSION = YES;
				CLANG_WARN_DIRECT_OBJC_ISA_USAGE = YES_ERROR;
				CLANG_WARN_EMPTY_BODY = YES;
				CLANG_WARN_ENUM_CONVERSION = YES;
				CLANG_WARN_INT_CONVERSION = YES;
				CLANG_WARN_OBJC_ROOT_CLASS = YES_ERROR;
				CLANG_WARN__DUPLICATE_METHOD_MATCH = YES;
				CODE_SIGN_IDENTITY = "";
				"CODE_SIGN_IDENTITY[sdk=iphoneos*]" = "";
				COPY_PHASE_STRIP = NO;
				GCC_C_LANGUAGE_STANDARD = gnu99;
				GCC_DYNAMIC_NO_PIC = NO;
				GCC_OPTIMIZATION_LEVEL = 0;
				GCC_PREPROCESSOR_DEFINITIONS = (
					"DEBUG=1",
					"$(inherited)",
				);
				GCC_SYMBOLS_PRIVATE_EXTERN = NO;
				GCC_WARN_64_TO_32_BIT_CONVERSION = YES;
				GCC_WARN_ABOUT_RETURN_TYPE = YES_ERROR;
				GCC_WARN_UNDECLARED_SELECTOR = YES;
				GCC_WARN_UNINITIALIZED_AUTOS = YES_AGGRESSIVE;
				GCC_WARN_UNUSED_FUNCTION = YES;
				GCC_WARN_UNUSED_VARIABLE = YES;
				IPHONEOS_DEPLOYMENT_TARGET = 7.1;
				ONLY_ACTIVE_ARCH = YES;
				PROVISIONING_PROFILE = "78266E64-45B2-42E9-8606-C4B87889F588";
				SDKROOT = iphoneos;
				TARGETED_DEVICE_FAMILY = "1,2";
			};
			name = Debug;
		};
		45FD12B5196CA8CA00777132 /* Release */ = {
			isa = XCBuildConfiguration;
			buildSettings = {
				ALWAYS_SEARCH_USER_PATHS = NO;
				CLANG_CXX_LANGUAGE_STANDARD = "gnu++0x";
				CLANG_CXX_LIBRARY = "libc++";
				CLANG_ENABLE_MODULES = YES;
				CLANG_ENABLE_OBJC_ARC = YES;
				CLANG_WARN_BOOL_CONVERSION = YES;
				CLANG_WARN_CONSTANT_CONVERSION = YES;
				CLANG_WARN_DIRECT_OBJC_ISA_USAGE = YES_ERROR;
				CLANG_WARN_EMPTY_BODY = YES;
				CLANG_WARN_ENUM_CONVERSION = YES;
				CLANG_WARN_INT_CONVERSION = YES;
				CLANG_WARN_OBJC_ROOT_CLASS = YES_ERROR;
				CLANG_WARN__DUPLICATE_METHOD_MATCH = YES;
				CODE_SIGN_IDENTITY = "";
				"CODE_SIGN_IDENTITY[sdk=iphoneos*]" = "";
				COPY_PHASE_STRIP = YES;
				ENABLE_NS_ASSERTIONS = NO;
				GCC_C_LANGUAGE_STANDARD = gnu99;
				GCC_WARN_64_TO_32_BIT_CONVERSION = YES;
				GCC_WARN_ABOUT_RETURN_TYPE = YES_ERROR;
				GCC_WARN_UNDECLARED_SELECTOR = YES;
				GCC_WARN_UNINITIALIZED_AUTOS = YES_AGGRESSIVE;
				GCC_WARN_UNUSED_FUNCTION = YES;
				GCC_WARN_UNUSED_VARIABLE = YES;
				IPHONEOS_DEPLOYMENT_TARGET = 7.1;
				PROVISIONING_PROFILE = "78266E64-45B2-42E9-8606-C4B87889F588";
				SDKROOT = iphoneos;
				TARGETED_DEVICE_FAMILY = "1,2";
				VALIDATE_PRODUCT = YES;
			};
			name = Release;
		};
		45FD12B7196CA8CA00777132 /* Debug */ = {
			isa = XCBuildConfiguration;
			baseConfigurationReference = 7A7F533224B74F6088932FED /* Pods.xcconfig */;
			buildSettings = {
				ASSETCATALOG_COMPILER_APPICON_NAME = AppIcon;
				ASSETCATALOG_COMPILER_LAUNCHIMAGE_NAME = LaunchImage;
				CLANG_ENABLE_MODULES = YES;
				CODE_SIGN_IDENTITY = "";
				"CODE_SIGN_IDENTITY[sdk=iphoneos*]" = "";
				FRAMEWORK_SEARCH_PATHS = (
					"$(inherited)",
					"$(PROJECT_DIR)",
				);
				GCC_PRECOMPILE_PREFIX_HEADER = YES;
				GCC_PREFIX_HEADER = "Colormix/Supporting Files/Colormix-Prefix.pch";
				INFOPLIST_FILE = "Colormix/Supporting Files/Colormix-Info.plist";
				LD_RUNPATH_SEARCH_PATHS = "$(inherited) @executable_path/Frameworks";
				PRODUCT_NAME = "$(TARGET_NAME)";
				PROVISIONING_PROFILE = "75F160EF-A864-4BB3-B053-3A3E625BB596";
				SWIFT_OBJC_BRIDGING_HEADER = "Colormix/Colormix-Bridging-Header.h";
				SWIFT_OPTIMIZATION_LEVEL = "-Onone";
				WRAPPER_EXTENSION = app;
			};
			name = Debug;
		};
		45FD12B8196CA8CA00777132 /* Release */ = {
			isa = XCBuildConfiguration;
			baseConfigurationReference = 7A7F533224B74F6088932FED /* Pods.xcconfig */;
			buildSettings = {
				ASSETCATALOG_COMPILER_APPICON_NAME = AppIcon;
				ASSETCATALOG_COMPILER_LAUNCHIMAGE_NAME = LaunchImage;
				CLANG_ENABLE_MODULES = YES;
				CODE_SIGN_IDENTITY = "";
				"CODE_SIGN_IDENTITY[sdk=iphoneos*]" = "";
				FRAMEWORK_SEARCH_PATHS = (
					"$(inherited)",
					"$(PROJECT_DIR)",
				);
				GCC_PRECOMPILE_PREFIX_HEADER = YES;
				GCC_PREFIX_HEADER = "Colormix/Supporting Files/Colormix-Prefix.pch";
				INFOPLIST_FILE = "Colormix/Supporting Files/Colormix-Info.plist";
				LD_RUNPATH_SEARCH_PATHS = "$(inherited) @executable_path/Frameworks";
				PRODUCT_NAME = "$(TARGET_NAME)";
				PROVISIONING_PROFILE = "75F160EF-A864-4BB3-B053-3A3E625BB596";
				SWIFT_OBJC_BRIDGING_HEADER = "Colormix/Colormix-Bridging-Header.h";
				WRAPPER_EXTENSION = app;
			};
			name = Release;
		};
		45FD12BA196CA8CA00777132 /* Debug */ = {
			isa = XCBuildConfiguration;
			buildSettings = {
				BUNDLE_LOADER = "$(BUILT_PRODUCTS_DIR)/Colormix.app/Colormix";
				CLANG_ENABLE_MODULES = YES;
				FRAMEWORK_SEARCH_PATHS = (
					"$(SDKROOT)/Developer/Library/Frameworks",
					"$(inherited)",
					"$(DEVELOPER_FRAMEWORKS_DIR)",
				);
				GCC_PRECOMPILE_PREFIX_HEADER = YES;
				GCC_PREFIX_HEADER = "Colormix/Supporting Files/Colormix-Prefix.pch";
				GCC_PREPROCESSOR_DEFINITIONS = (
					"DEBUG=1",
					"$(inherited)",
				);
				INFOPLIST_FILE = "ColormixTests/Supporting Files/ColormixTests-Info.plist";
				LD_RUNPATH_SEARCH_PATHS = "$(inherited) @executable_path/Frameworks @loader_path/Frameworks";
				PRODUCT_NAME = "$(TARGET_NAME)";
				SWIFT_OBJC_BRIDGING_HEADER = "Colormix/ColormixTests-Bridging-Header.h";
				SWIFT_OPTIMIZATION_LEVEL = "-Onone";
				TEST_HOST = "$(BUNDLE_LOADER)";
				WRAPPER_EXTENSION = xctest;
			};
			name = Debug;
		};
		45FD12BB196CA8CA00777132 /* Release */ = {
			isa = XCBuildConfiguration;
			buildSettings = {
				BUNDLE_LOADER = "$(BUILT_PRODUCTS_DIR)/Colormix.app/Colormix";
				CLANG_ENABLE_MODULES = YES;
				FRAMEWORK_SEARCH_PATHS = (
					"$(SDKROOT)/Developer/Library/Frameworks",
					"$(inherited)",
					"$(DEVELOPER_FRAMEWORKS_DIR)",
				);
				GCC_PRECOMPILE_PREFIX_HEADER = YES;
				GCC_PREFIX_HEADER = "Colormix/Supporting Files/Colormix-Prefix.pch";
				INFOPLIST_FILE = "ColormixTests/Supporting Files/ColormixTests-Info.plist";
				LD_RUNPATH_SEARCH_PATHS = "$(inherited) @executable_path/Frameworks @loader_path/Frameworks";
				PRODUCT_NAME = "$(TARGET_NAME)";
				SWIFT_OBJC_BRIDGING_HEADER = "Colormix/ColormixTests-Bridging-Header.h";
				TEST_HOST = "$(BUNDLE_LOADER)";
				WRAPPER_EXTENSION = xctest;
			};
			name = Release;
		};
/* End XCBuildConfiguration section */

/* Begin XCConfigurationList section */
		45FD127C196CA8CA00777132 /* Build configuration list for PBXProject "Colormix" */ = {
			isa = XCConfigurationList;
			buildConfigurations = (
				45FD12B4196CA8CA00777132 /* Debug */,
				45FD12B5196CA8CA00777132 /* Release */,
			);
			defaultConfigurationIsVisible = 0;
			defaultConfigurationName = Release;
		};
		45FD12B6196CA8CA00777132 /* Build configuration list for PBXNativeTarget "Colormix" */ = {
			isa = XCConfigurationList;
			buildConfigurations = (
				45FD12B7196CA8CA00777132 /* Debug */,
				45FD12B8196CA8CA00777132 /* Release */,
			);
			defaultConfigurationIsVisible = 0;
			defaultConfigurationName = Release;
		};
		45FD12B9196CA8CA00777132 /* Build configuration list for PBXNativeTarget "ColormixTests" */ = {
			isa = XCConfigurationList;
			buildConfigurations = (
				45FD12BA196CA8CA00777132 /* Debug */,
				45FD12BB196CA8CA00777132 /* Release */,
			);
			defaultConfigurationIsVisible = 0;
			defaultConfigurationName = Release;
		};
/* End XCConfigurationList section */
	};
	rootObject = 45FD1279196CA8CA00777132 /* Project object */;
}
